
Microsoft Visual Studio Solution File, Format Version 12.00
# Visual Studio Version 17
VisualStudioVersion = 17.5.33627.172
MinimumVisualStudioVersion = 10.0.40219.1
Project("{FAE04EC0-301F-11D3-BF4B-00C04F79EFBC}") = "NoteTakingApp", "NoteTakingApp.csproj", "{9B7D863A-1B3F-41F4-A99A-52E36006166E}"
EndProject
Project("{FAE04EC0-301F-11D3-BF4B-00C04F79EFBC}") = "Repository", "..\Repository\Repository.csproj", "{EB42155B-CA77-4740-8036-DD6B4D390679}"
EndProject
Project("{2150E333-8FDC-42A3-9474-1A3956D46DE8}") = "Solution Items", "Solution Items", "{9D2CD1E9-537F-4198-996C-4C2F4511C694}"
	ProjectSection(SolutionItems) = preProject
		.gitignore = .gitignore
	EndProjectSection
EndProject
Global
	GlobalSection(SolutionConfigurationPlatforms) = preSolution
		Debug|Any CPU = Debug|Any CPU
		Release|Any CPU = Release|Any CPU
	EndGlobalSection
	GlobalSection(ProjectConfigurationPlatforms) = postSolution
		{9B7D863A-1B3F-41F4-A99A-52E36006166E}.Debug|Any CPU.ActiveCfg = Debug|Any CPU
		{9B7D863A-1B3F-41F4-A99A-52E36006166E}.Debug|Any CPU.Build.0 = Debug|Any CPU
		{9B7D863A-1B3F-41F4-A99A-52E36006166E}.Release|Any CPU.ActiveCfg = Release|Any CPU
		{9B7D863A-1B3F-41F4-A99A-52E36006166E}.Release|Any CPU.Build.0 = Release|Any CPU
		{EB42155B-CA77-4740-8036-DD6B4D390679}.Debug|Any CPU.ActiveCfg = Debug|Any CPU
		{EB42155B-CA77-4740-8036-DD6B4D390679}.Debug|Any CPU.Build.0 = Debug|Any CPU
		{EB42155B-CA77-4740-8036-DD6B4D390679}.Release|Any CPU.ActiveCfg = Release|Any CPU
		{EB42155B-CA77-4740-8036-DD6B4D390679}.Release|Any CPU.Build.0 = Release|Any CPU
	EndGlobalSection
	GlobalSection(SolutionProperties) = preSolution
		HideSolutionNode = FALSE
	EndGlobalSection
	GlobalSection(ExtensibilityGlobals) = postSolution
		SolutionGuid = {EE6AFBCA-01B0-4715-BED5-450462E559DB}
	EndGlobalSection
EndGlobal
